{
    "_readme": [
        "This file locks the dependencies of your project to a known state",
        "Read more about it at http://getcomposer.org/doc/01-basic-usage.md#composer-lock-the-lock-file"
    ],
    "hash": "a5f560e875eb66ad48bddffe28475659",
    "packages": [
        {
            "name": "nohex/eix",
            "version": "0.4.0",
            "source": {
                "type": "git",
                "url": "/Volumes/Data/Workspace/nohex-eix",
                "reference": "0.4.0"
            },
            "require": {
                "ext-intl": ">0",
                "ext-json": ">0",
                "ext-xsl": ">0",
                "php": ">=5.3.0"
            },
            "type": "library",
            "autoload": {
                "psr-0": {
                    "Nohex\\": [
                        "src/php/main",
                        "src/php/test"
                    ]
                }
            },
            "license": [
                "MIT"
            ],
            "authors": [
                {
                    "name": "Max Noé",
                    "email": "max@nohex.com",
                    "role": "Developer"
                }
            ],
            "description": "Eix is a PHP-based framework for building web applications.",
            "homepage": "http://eix.nohex.com/",
            "keywords": [
                "framework"
            ],
            "support": {
                "issues": "https://github.com/nohex/eix",
                "source": "https://github.com/nohex/eix"
            },
            "time": "2013-01-01 00:00:00"
        }
    ],
    "packages-dev": [

    ],
    "aliases": [

    ],
    "minimum-stability": "stable",
    "stability-flags": [

    ],
    "platform": [

    ],
    "platform-dev": [

    ]
}
